
Microsoft Visual Studio Solution File, Format Version 12.00
# Visual Studio Version 16
VisualStudioVersion = 16.0.30711.63
MinimumVisualStudioVersion = 10.0.40219.1
Project("{9A19103F-16F7-4668-BE54-9A1E7A4F7556}") = "POS.Domain", "POS.Domain\POS.Domain.csproj", "{D55BD051-F7DE-41BB-BD5E-394A89AA012B}"
EndProject
Project("{9A19103F-16F7-4668-BE54-9A1E7A4F7556}") = "POS.Service", "POS.Service\POS.Service.csproj", "{E314B090-BE7A-4EFF-A671-C18D4E596B2F}"
EndProject
Project("{9A19103F-16F7-4668-BE54-9A1E7A4F7556}") = "POS.EF", "POS.EF\POS.EF.csproj", "{9F35E39E-3BAB-45BC-8A02-5161A2E35460}"
EndProject
Project("{9A19103F-16F7-4668-BE54-9A1E7A4F7556}") = "POS.UI", "POS.UI\POS.UI.csproj", "{7DC7345B-997D-446F-B6C4-5A6CBAF86E50}"
EndProject
Project("{9A19103F-16F7-4668-BE54-9A1E7A4F7556}") = "POS.API", "POS.API\POS.API.csproj", "{A570EDE3-21B1-4D05-8824-DC870EEF69F7}"
EndProject
Project("{FAE04EC0-301F-11D3-BF4B-00C04F79EFBC}") = "TestConsole", "TestConsole\TestConsole.csproj", "{717E47BC-1387-4BCE-A1F1-BCF319BF0815}"
EndProject
Global
	GlobalSection(SolutionConfigurationPlatforms) = preSolution
		Debug|Any CPU = Debug|Any CPU
		Release|Any CPU = Release|Any CPU
	EndGlobalSection
	GlobalSection(ProjectConfigurationPlatforms) = postSolution
		{D55BD051-F7DE-41BB-BD5E-394A89AA012B}.Debug|Any CPU.ActiveCfg = Debug|Any CPU
		{D55BD051-F7DE-41BB-BD5E-394A89AA012B}.Debug|Any CPU.Build.0 = Debug|Any CPU
		{D55BD051-F7DE-41BB-BD5E-394A89AA012B}.Release|Any CPU.ActiveCfg = Release|Any CPU
		{D55BD051-F7DE-41BB-BD5E-394A89AA012B}.Release|Any CPU.Build.0 = Release|Any CPU
		{E314B090-BE7A-4EFF-A671-C18D4E596B2F}.Debug|Any CPU.ActiveCfg = Debug|Any CPU
		{E314B090-BE7A-4EFF-A671-C18D4E596B2F}.Debug|Any CPU.Build.0 = Debug|Any CPU
		{E314B090-BE7A-4EFF-A671-C18D4E596B2F}.Release|Any CPU.ActiveCfg = Release|Any CPU
		{E314B090-BE7A-4EFF-A671-C18D4E596B2F}.Release|Any CPU.Build.0 = Release|Any CPU
		{9F35E39E-3BAB-45BC-8A02-5161A2E35460}.Debug|Any CPU.ActiveCfg = Debug|Any CPU
		{9F35E39E-3BAB-45BC-8A02-5161A2E35460}.Debug|Any CPU.Build.0 = Debug|Any CPU
		{9F35E39E-3BAB-45BC-8A02-5161A2E35460}.Release|Any CPU.ActiveCfg = Release|Any CPU
		{9F35E39E-3BAB-45BC-8A02-5161A2E35460}.Release|Any CPU.Build.0 = Release|Any CPU
		{7DC7345B-997D-446F-B6C4-5A6CBAF86E50}.Debug|Any CPU.ActiveCfg = Debug|Any CPU
		{7DC7345B-997D-446F-B6C4-5A6CBAF86E50}.Debug|Any CPU.Build.0 = Debug|Any CPU
		{7DC7345B-997D-446F-B6C4-5A6CBAF86E50}.Release|Any CPU.ActiveCfg = Release|Any CPU
		{7DC7345B-997D-446F-B6C4-5A6CBAF86E50}.Release|Any CPU.Build.0 = Release|Any CPU
		{A570EDE3-21B1-4D05-8824-DC870EEF69F7}.Debug|Any CPU.ActiveCfg = Debug|Any CPU
		{A570EDE3-21B1-4D05-8824-DC870EEF69F7}.Debug|Any CPU.Build.0 = Debug|Any CPU
		{A570EDE3-21B1-4D05-8824-DC870EEF69F7}.Release|Any CPU.ActiveCfg = Release|Any CPU
		{A570EDE3-21B1-4D05-8824-DC870EEF69F7}.Release|Any CPU.Build.0 = Release|Any CPU
		{717E47BC-1387-4BCE-A1F1-BCF319BF0815}.Debug|Any CPU.ActiveCfg = Debug|Any CPU
		{717E47BC-1387-4BCE-A1F1-BCF319BF0815}.Debug|Any CPU.Build.0 = Debug|Any CPU
		{717E47BC-1387-4BCE-A1F1-BCF319BF0815}.Release|Any CPU.ActiveCfg = Release|Any CPU
		{717E47BC-1387-4BCE-A1F1-BCF319BF0815}.Release|Any CPU.Build.0 = Release|Any CPU
	EndGlobalSection
	GlobalSection(SolutionProperties) = preSolution
		HideSolutionNode = FALSE
	EndGlobalSection
	GlobalSection(ExtensibilityGlobals) = postSolution
		SolutionGuid = {00B8EE7F-DA5C-45BE-BF8B-C22FB707B57E}
	EndGlobalSection
EndGlobal
